
Microsoft Visual Studio Solution File, Format Version 12.00
# Visual Studio 15
VisualStudioVersion = 15.0.27703.1
MinimumVisualStudioVersion = 10.0.40219.1
Project("{FAE04EC0-301F-11D3-BF4B-00C04F79EFBC}") = "GenericDelegate", "GenericDelegate.csproj", "{17945CEA-1504-4E43-8CD6-A326A156BD37}"
EndProject
Global
	GlobalSection(SolutionConfigurationPlatforms) = preSolution
		Debug|Any CPU = Debug|Any CPU
		Release|Any CPU = Release|Any CPU
	EndGlobalSection
	GlobalSection(ProjectConfigurationPlatforms) = postSolution
		{17945CEA-1504-4E43-8CD6-A326A156BD37}.Debug|Any CPU.ActiveCfg = Debug|Any CPU
		{17945CEA-1504-4E43-8CD6-A326A156BD37}.Debug|Any CPU.Build.0 = Debug|Any CPU
		{17945CEA-1504-4E43-8CD6-A326A156BD37}.Release|Any CPU.ActiveCfg = Release|Any CPU
		{17945CEA-1504-4E43-8CD6-A326A156BD37}.Release|Any CPU.Build.0 = Release|Any CPU
	EndGlobalSection
	GlobalSection(SolutionProperties) = preSolution
		HideSolutionNode = FALSE
	EndGlobalSection
	GlobalSection(ExtensibilityGlobals) = postSolution
		SolutionGuid = {BD357C9E-6487-4D93-BBC6-9B8EEF27DB80}
	EndGlobalSection
EndGlobal
